# This file is automatically @generated by Poetry 2.1.2 and should not be changed by hand.

[[package]]
name = "classic-scheduler"
version = "1.3.4"
description = "Simple in-process scheduler"
optional = false
python-versions = ">=3.10"
groups = ["main"]
files = [
    {file = "classic_scheduler-1.3.4-py3-none-any.whl", hash = "sha256:13bda0c343224dbea683c58c22718c7975a814e9a8ac00da4b99630311fba7ee"},
    {file = "classic_scheduler-1.3.4.tar.gz", hash = "sha256:52af75ee1784d351023c843aae70ade323a67b4de3aa3a7fe498d1578b96b7da"},
]

[package.dependencies]
croniter = ">=3.0,<4.0"

[package.extras]
dev = ["Flake8-pyproject (==1.2.3)", "build (>=1.2.2.post1,<1.3.0)", "flake8 (==7.1.1)", "isort (==6.0.0)", "pytest (==8.3.4)", "pytest-cov (==6.0.0)", "yapf (==0.43.0)"]

[[package]]
name = "croniter"
version = "3.0.4"
description = "croniter provides iteration for datetime object with cron like format"
optional = false
python-versions = "!=3.0.*,!=3.1.*,!=3.2.*,!=3.3.*,>=2.6"
groups = ["main"]
files = [
    {file = "croniter-3.0.4-py2.py3-none-any.whl", hash = "sha256:96e14cdd5dcb479dd48d7db14b53d8434b188dfb9210448bef6f65663524a6f0"},
    {file = "croniter-3.0.4.tar.gz", hash = "sha256:f9dcd4bdb6c97abedb6f09d6ed3495b13ede4d4544503fa580b6372a56a0c520"},
]

[package.dependencies]
python-dateutil = "*"
pytz = ">2021.1"

[[package]]
name = "python-dateutil"
version = "2.9.0.post0"
description = "Extensions to the standard Python datetime module"
optional = false
python-versions = "!=3.0.*,!=3.1.*,!=3.2.*,>=2.7"
groups = ["main"]
files = [
    {file = "python-dateutil-2.9.0.post0.tar.gz", hash = "sha256:37dd54208da7e1cd875388217d5e00ebd4179249f90fb72437e91a35459a0ad3"},
    {file = "python_dateutil-2.9.0.post0-py2.py3-none-any.whl", hash = "sha256:a8b2bc7bffae282281c8140a97d3aa9c14da0b136dfe83f850eea9a5f7470427"},
]

[package.dependencies]
six = ">=1.5"

[[package]]
name = "pytz"
version = "2025.2"
description = "World timezone definitions, modern and historical"
optional = false
python-versions = "*"
groups = ["main"]
files = [
    {file = "pytz-2025.2-py2.py3-none-any.whl", hash = "sha256:5ddf76296dd8c44c26eb8f4b6f35488f3ccbf6fbbd7adee0b7262d43f0ec2f00"},
    {file = "pytz-2025.2.tar.gz", hash = "sha256:360b9e3dbb49a209c21ad61809c7fb453643e048b38924c765813546746e81c3"},
]

[[package]]
name = "six"
version = "1.17.0"
description = "Python 2 and 3 compatibility utilities"
optional = false
python-versions = "!=3.0.*,!=3.1.*,!=3.2.*,>=2.7"
groups = ["main"]
files = [
    {file = "six-1.17.0-py2.py3-none-any.whl", hash = "sha256:4721f391ed90541fddacab5acf947aa0d3dc7d27b2e1e8eda2be8970586c3274"},
    {file = "six-1.17.0.tar.gz", hash = "sha256:ff70335d468e7eb6ec65b95b99d3a2836546063f63acc5171de367e834932a81"},
]

[[package]]
name = "tenacity"
version = "9.1.2"
description = "Retry code until it succeeds"
optional = false
python-versions = ">=3.9"
groups = ["main"]
files = [
    {file = "tenacity-9.1.2-py3-none-any.whl", hash = "sha256:f77bf36710d8b73a50b2dd155c97b870017ad21afe6ab300326b0371b3b05138"},
    {file = "tenacity-9.1.2.tar.gz", hash = "sha256:1169d376c297e7de388d18b4481760d478b0e99a777cad3a9c86e556f4b697cb"},
]

[package.extras]
doc = ["reno", "sphinx"]
test = ["pytest", "tornado (>=4.5)", "typeguard"]

[metadata]
lock-version = "2.1"
python-versions = ">=3.13"
content-hash = "7302226bccc8b7a84668c9dfb19340b9cc2c130143bf67467f069cdf80fe33f6"
